
Microsoft Visual Studio Solution File, Format Version 12.00
# Visual Studio Version 16
VisualStudioVersion = 16.0.31025.194
MinimumVisualStudioVersion = 10.0.40219.1
Project("{FAE04EC0-301F-11D3-BF4B-00C04F79EFBC}") = "ExemploComposicao", "ExemploComposicao.csproj", "{FF1C012D-B7F4-42A1-AD80-E1723B3019D8}"
EndProject
Global
	GlobalSection(SolutionConfigurationPlatforms) = preSolution
		Debug|Any CPU = Debug|Any CPU
		Release|Any CPU = Release|Any CPU
	EndGlobalSection
	GlobalSection(ProjectConfigurationPlatforms) = postSolution
		{FF1C012D-B7F4-42A1-AD80-E1723B3019D8}.Debug|Any CPU.ActiveCfg = Debug|Any CPU
		{FF1C012D-B7F4-42A1-AD80-E1723B3019D8}.Debug|Any CPU.Build.0 = Debug|Any CPU
		{FF1C012D-B7F4-42A1-AD80-E1723B3019D8}.Release|Any CPU.ActiveCfg = Release|Any CPU
		{FF1C012D-B7F4-42A1-AD80-E1723B3019D8}.Release|Any CPU.Build.0 = Release|Any CPU
	EndGlobalSection
	GlobalSection(SolutionProperties) = preSolution
		HideSolutionNode = FALSE
	EndGlobalSection
	GlobalSection(ExtensibilityGlobals) = postSolution
		SolutionGuid = {678B85F5-4443-447F-BE07-6EE3B4DB34AD}
	EndGlobalSection
EndGlobal
