
Microsoft Visual Studio Solution File, Format Version 12.00
# Visual Studio Version 16
VisualStudioVersion = 16.0.31025.194
MinimumVisualStudioVersion = 10.0.40219.1
Project("{FAE04EC0-301F-11D3-BF4B-00C04F79EFBC}") = "Employees", "Employees.csproj", "{A6528F4C-6459-4DB5-9A4F-A686FAB2796E}"
EndProject
Global
	GlobalSection(SolutionConfigurationPlatforms) = preSolution
		Debug|Any CPU = Debug|Any CPU
		Release|Any CPU = Release|Any CPU
	EndGlobalSection
	GlobalSection(ProjectConfigurationPlatforms) = postSolution
		{A6528F4C-6459-4DB5-9A4F-A686FAB2796E}.Debug|Any CPU.ActiveCfg = Debug|Any CPU
		{A6528F4C-6459-4DB5-9A4F-A686FAB2796E}.Debug|Any CPU.Build.0 = Debug|Any CPU
		{A6528F4C-6459-4DB5-9A4F-A686FAB2796E}.Release|Any CPU.ActiveCfg = Release|Any CPU
		{A6528F4C-6459-4DB5-9A4F-A686FAB2796E}.Release|Any CPU.Build.0 = Release|Any CPU
	EndGlobalSection
	GlobalSection(SolutionProperties) = preSolution
		HideSolutionNode = FALSE
	EndGlobalSection
	GlobalSection(ExtensibilityGlobals) = postSolution
		SolutionGuid = {869D6682-B585-4012-ADAE-1FD7572C9EA3}
	EndGlobalSection
EndGlobal
